// !$*UTF8*$!
{
	archiveVersion = 1;
	classes = {
	};
	objectVersion = 46;
	objects = {

/* Begin PBXBuildFile section */
		921C4BF71D5854AE00A1CC0C /* main.m in Sources */ = {isa = PBXBuildFile; fileRef = 921C4BF61D5854AE00A1CC0C /* main.m */; };
		921C4BFA1D5854AE00A1CC0C /* AppDelegate.m in Sources */ = {isa = PBXBuildFile; fileRef = 921C4BF91D5854AE00A1CC0C /* AppDelegate.m */; };
		921C4BFD1D5854AE00A1CC0C /* ViewController.m in Sources */ = {isa = PBXBuildFile; fileRef = 921C4BFC1D5854AE00A1CC0C /* ViewController.m */; };
		921C4C001D5854AE00A1CC0C /* Main.storyboard in Resources */ = {isa = PBXBuildFile; fileRef = 921C4BFE1D5854AE00A1CC0C /* Main.storyboard */; };
		921C4C021D5854AE00A1CC0C /* Assets.xcassets in Resources */ = {isa = PBXBuildFile; fileRef = 921C4C011D5854AE00A1CC0C /* Assets.xcassets */; };
		921C4C051D5854AE00A1CC0C /* LaunchScreen.storyboard in Resources */ = {isa = PBXBuildFile; fileRef = 921C4C031D5854AE00A1CC0C /* LaunchScreen.storyboard */; };
		921C4C101D5854AE00A1CC0C /* sourceTreeTests.m in Sources */ = {isa = PBXBuildFile; fileRef = 921C4C0F1D5854AE00A1CC0C /* sourceTreeTests.m */; };
		921C4C221D586BF200A1CC0C /* testOViewController.m in Sources */ = {isa = PBXBuildFile; fileRef = 921C4C201D586BF200A1CC0C /* testOViewController.m */; };
		921C4C231D586BF200A1CC0C /* testOViewController.xib in Resources */ = {isa = PBXBuildFile; fileRef = 921C4C211D586BF200A1CC0C /* testOViewController.xib */; };
/* End PBXBuildFile section */

/* Begin PBXContainerItemProxy section */
		921C4C0C1D5854AE00A1CC0C /* PBXContainerItemProxy */ = {
			isa = PBXContainerItemProxy;
			containerPortal = 921C4BEA1D5854AE00A1CC0C /* Project object */;
			proxyType = 1;
			remoteGlobalIDString = 921C4BF11D5854AE00A1CC0C;
			remoteInfo = sourceTree;
		};
/* End PBXContainerItemProxy section */

/* Begin PBXFileReference section */
		921C4BF21D5854AE00A1CC0C /* sourceTree.app */ = {isa = PBXFileReference; explicitFileType = wrapper.application; includeInIndex = 0; path = sourceTree.app; sourceTree = BUILT_PRODUCTS_DIR; };
		921C4BF61D5854AE00A1CC0C /* main.m */ = {isa = PBXFileReference; lastKnownFileType = sourcecode.c.objc; path = main.m; sourceTree = "<group>"; };
		921C4BF81D5854AE00A1CC0C /* AppDelegate.h */ = {isa = PBXFileReference; lastKnownFileType = sourcecode.c.h; path = AppDelegate.h; sourceTree = "<group>"; };
		921C4BF91D5854AE00A1CC0C /* AppDelegate.m */ = {isa = PBXFileReference; lastKnownFileType = sourcecode.c.objc; path = AppDelegate.m; sourceTree = "<group>"; };
		921C4BFB1D5854AE00A1CC0C /* ViewController.h */ = {isa = PBXFileReference; lastKnownFileType = sourcecode.c.h; path = ViewController.h; sourceTree = "<group>"; };
		921C4BFC1D5854AE00A1CC0C /* ViewController.m */ = {isa = PBXFileReference; lastKnownFileType = sourcecode.c.objc; path = ViewController.m; sourceTree = "<group>"; };
		921C4BFF1D5854AE00A1CC0C /* Base */ = {isa = PBXFileReference; lastKnownFileType = file.storyboard; name = Base; path = Base.lproj/Main.storyboard; sourceTree = "<group>"; };
		921C4C011D5854AE00A1CC0C /* Assets.xcassets */ = {isa = PBXFileReference; lastKnownFileType = folder.assetcatalog; path = Assets.xcassets; sourceTree = "<group>"; };
		921C4C041D5854AE00A1CC0C /* Base */ = {isa = PBXFileReference; lastKnownFileType = file.storyboard; name = Base; path = Base.lproj/LaunchScreen.storyboard; sourceTree = "<group>"; };
		921C4C061D5854AE00A1CC0C /* Info.plist */ = {isa = PBXFileReference; lastKnownFileType = text.plist.xml; path = Info.plist; sourceTree = "<group>"; };
		921C4C0B1D5854AE00A1CC0C /* sourceTreeTests.xctest */ = {isa = PBXFileReference; explicitFileType = wrapper.cfbundle; includeInIndex = 0; path = sourceTreeTests.xctest; sourceTree = BUILT_PRODUCTS_DIR; };
		921C4C0F1D5854AE00A1CC0C /* sourceTreeTests.m */ = {isa = PBXFileReference; lastKnownFileType = sourcecode.c.objc; path = sourceTreeTests.m; sourceTree = "<group>"; };
		921C4C111D5854AE00A1CC0C /* Info.plist */ = {isa = PBXFileReference; lastKnownFileType = text.plist.xml; path = Info.plist; sourceTree = "<group>"; };
		921C4C1F1D586BF200A1CC0C /* testOViewController.h */ = {isa = PBXFileReference; fileEncoding = 4; lastKnownFileType = sourcecode.c.h; name = testOViewController.h; path = ../testOViewController.h; sourceTree = "<group>"; };
		921C4C201D586BF200A1CC0C /* testOViewController.m */ = {isa = PBXFileReference; fileEncoding = 4; lastKnownFileType = sourcecode.c.objc; name = testOViewController.m; path = ../testOViewController.m; sourceTree = "<group>"; };
		921C4C211D586BF200A1CC0C /* testOViewController.xib */ = {isa = PBXFileReference; fileEncoding = 4; lastKnownFileType = file.xib; name = testOViewController.xib; path = ../testOViewController.xib; sourceTree = "<group>"; };
/* End PBXFileReference section */

/* Begin PBXFrameworksBuildPhase section */
		921C4BEF1D5854AE00A1CC0C /* Frameworks */ = {
			isa = PBXFrameworksBuildPhase;
			buildActionMask = 2147483647;
			files = (
			);
			runOnlyForDeploymentPostprocessing = 0;
		};
		921C4C081D5854AE00A1CC0C /* Frameworks */ = {
			isa = PBXFrameworksBuildPhase;
			buildActionMask = 2147483647;
			files = (
			);
			runOnlyForDeploymentPostprocessing = 0;
		};
/* End PBXFrameworksBuildPhase section */

/* Begin PBXGroup section */
		921C4BE91D5854AE00A1CC0C = {
			isa = PBXGroup;
			children = (
				921C4BF41D5854AE00A1CC0C /* sourceTree */,
				921C4C0E1D5854AE00A1CC0C /* sourceTreeTests */,
				921C4BF31D5854AE00A1CC0C /* Products */,
			);
			sourceTree = "<group>";
		};
		921C4BF31D5854AE00A1CC0C /* Products */ = {
			isa = PBXGroup;
			children = (
				921C4BF21D5854AE00A1CC0C /* sourceTree.app */,
				921C4C0B1D5854AE00A1CC0C /* sourceTreeTests.xctest */,
			);
			name = Products;
			sourceTree = "<group>";
		};
		921C4BF41D5854AE00A1CC0C /* sourceTree */ = {
			isa = PBXGroup;
			children = (
				921C4C1F1D586BF200A1CC0C /* testOViewController.h */,
				921C4C201D586BF200A1CC0C /* testOViewController.m */,
				921C4C211D586BF200A1CC0C /* testOViewController.xib */,
				921C4BF81D5854AE00A1CC0C /* AppDelegate.h */,
				921C4BF91D5854AE00A1CC0C /* AppDelegate.m */,
				921C4BFB1D5854AE00A1CC0C /* ViewController.h */,
				921C4BFC1D5854AE00A1CC0C /* ViewController.m */,
				921C4BFE1D5854AE00A1CC0C /* Main.storyboard */,
				921C4C011D5854AE00A1CC0C /* Assets.xcassets */,
				921C4C031D5854AE00A1CC0C /* LaunchScreen.storyboard */,
				921C4C061D5854AE00A1CC0C /* Info.plist */,
				921C4BF51D5854AE00A1CC0C /* Supporting Files */,
			);
			path = sourceTree;
			sourceTree = "<group>";
		};
		921C4BF51D5854AE00A1CC0C /* Supporting Files */ = {
			isa = PBXGroup;
			children = (
				921C4BF61D5854AE00A1CC0C /* main.m */,
			);
			name = "Supporting Files";
			sourceTree = "<group>";
		};
		921C4C0E1D5854AE00A1CC0C /* sourceTreeTests */ = {
			isa = PBXGroup;
			children = (
				921C4C0F1D5854AE00A1CC0C /* sourceTreeTests.m */,
				921C4C111D5854AE00A1CC0C /* Info.plist */,
			);
			path = sourceTreeTests;
			sourceTree = "<group>";
		};
/* End PBXGroup section */

/* Begin PBXNativeTarget section */
		921C4BF11D5854AE00A1CC0C /* sourceTree */ = {
			isa = PBXNativeTarget;
			buildConfigurationList = 921C4C141D5854AE00A1CC0C /* Build configuration list for PBXNativeTarget "sourceTree" */;
			buildPhases = (
				921C4BEE1D5854AE00A1CC0C /* Sources */,
				921C4BEF1D5854AE00A1CC0C /* Frameworks */,
				921C4BF01D5854AE00A1CC0C /* Resources */,
			);
			buildRules = (
			);
			dependencies = (
			);
			name = sourceTree;
			productName = sourceTree;
			productReference = 921C4BF21D5854AE00A1CC0C /* sourceTree.app */;
			productType = "com.apple.product-type.application";
		};
		921C4C0A1D5854AE00A1CC0C /* sourceTreeTests */ = {
			isa = PBXNativeTarget;
			buildConfigurationList = 921C4C171D5854AE00A1CC0C /* Build configuration list for PBXNativeTarget "sourceTreeTests" */;
			buildPhases = (
				921C4C071D5854AE00A1CC0C /* Sources */,
				921C4C081D5854AE00A1CC0C /* Frameworks */,
				921C4C091D5854AE00A1CC0C /* Resources */,
			);
			buildRules = (
			);
			dependencies = (
				921C4C0D1D5854AE00A1CC0C /* PBXTargetDependency */,
			);
			name = sourceTreeTests;
			productName = sourceTreeTests;
			productReference = 921C4C0B1D5854AE00A1CC0C /* sourceTreeTests.xctest */;
			productType = "com.apple.product-type.bundle.unit-test";
		};
/* End PBXNativeTarget section */

/* Begin PBXProject section */
		921C4BEA1D5854AE00A1CC0C /* Project object */ = {
			isa = PBXProject;
			attributes = {
				LastUpgradeCheck = 0730;
				ORGANIZATIONNAME = zhanghangzhen;
				TargetAttributes = {
					921C4BF11D5854AE00A1CC0C = {
						CreatedOnToolsVersion = 7.3.1;
					};
					921C4C0A1D5854AE00A1CC0C = {
						CreatedOnToolsVersion = 7.3.1;
						TestTargetID = 921C4BF11D5854AE00A1CC0C;
					};
				};
			};
			buildConfigurationList = 921C4BED1D5854AE00A1CC0C /* Build configuration list for PBXProject "sourceTree" */;
			compatibilityVersion = "Xcode 3.2";
			developmentRegion = English;
			hasScannedForEncodings = 0;
			knownRegions = (
				en,
				Base,
			);
			mainGroup = 921C4BE91D5854AE00A1CC0C;
			productRefGroup = 921C4BF31D5854AE00A1CC0C /* Products */;
			projectDirPath = "";
			projectRoot = "";
			targets = (
				921C4BF11D5854AE00A1CC0C /* sourceTree */,
				921C4C0A1D5854AE00A1CC0C /* sourceTreeTests */,
			);
		};
/* End PBXProject section */

/* Begin PBXResourcesBuildPhase section */
		921C4BF01D5854AE00A1CC0C /* Resources */ = {
			isa = PBXResourcesBuildPhase;
			buildActionMask = 2147483647;
			files = (
				921C4C051D5854AE00A1CC0C /* LaunchScreen.storyboard in Resources */,
				921C4C021D5854AE00A1CC0C /* Assets.xcassets in Resources */,
				921C4C231D586BF200A1CC0C /* testOViewController.xib in Resources */,
				921C4C001D5854AE00A1CC0C /* Main.storyboard in Resources */,
			);
			runOnlyForDeploymentPostprocessing = 0;
		};
		921C4C091D5854AE00A1CC0C /* Resources */ = {
			isa = PBXResourcesBuildPhase;
			buildActionMask = 2147483647;
			files = (
			);
			runOnlyForDeploymentPostprocessing = 0;
		};
/* End PBXResourcesBuildPhase section */

/* Begin PBXSourcesBuildPhase section */
		921C4BEE1D5854AE00A1CC0C /* Sources */ = {
			isa = PBXSourcesBuildPhase;
			buildActionMask = 2147483647;
			files = (
				921C4BFD1D5854AE00A1CC0C /* ViewController.m in Sources */,
				921C4BFA1D5854AE00A1CC0C /* AppDelegate.m in Sources */,
				921C4C221D586BF200A1CC0C /* testOViewController.m in Sources */,
				921C4BF71D5854AE00A1CC0C /* main.m in Sources */,
			);
			runOnlyForDeploymentPostprocessing = 0;
		};
		921C4C071D5854AE00A1CC0C /* Sources */ = {
			isa = PBXSourcesBuildPhase;
			buildActionMask = 2147483647;
			files = (
				921C4C101D5854AE00A1CC0C /* sourceTreeTests.m in Sources */,
			);
			runOnlyForDeploymentPostprocessing = 0;
		};
/* End PBXSourcesBuildPhase section */

/* Begin PBXTargetDependency section */
		921C4C0D1D5854AE00A1CC0C /* PBXTargetDependency */ = {
			isa = PBXTargetDependency;
			target = 921C4BF11D5854AE00A1CC0C /* sourceTree */;
			targetProxy = 921C4C0C1D5854AE00A1CC0C /* PBXContainerItemProxy */;
		};
/* End PBXTargetDependency section */

/* Begin PBXVariantGroup section */
		921C4BFE1D5854AE00A1CC0C /* Main.storyboard */ = {
			isa = PBXVariantGroup;
			children = (
				921C4BFF1D5854AE00A1CC0C /* Base */,
			);
			name = Main.storyboard;
			sourceTree = "<group>";
		};
		921C4C031D5854AE00A1CC0C /* LaunchScreen.storyboard */ = {
			isa = PBXVariantGroup;
			children = (
				921C4C041D5854AE00A1CC0C /* Base */,
			);
			name = LaunchScreen.storyboard;
			sourceTree = "<group>";
		};
/* End PBXVariantGroup section */

/* Begin XCBuildConfiguration section */
		921C4C121D5854AE00A1CC0C /* Debug */ = {
			isa = XCBuildConfiguration;
			buildSettings = {
				ALWAYS_SEARCH_USER_PATHS = NO;
				CLANG_ANALYZER_NONNULL = YES;
				CLANG_CXX_LANGUAGE_STANDARD = "gnu++0x";
				CLANG_CXX_LIBRARY = "libc++";
				CLANG_ENABLE_MODULES = YES;
				CLANG_ENABLE_OBJC_ARC = YES;
				CLANG_WARN_BOOL_CONVERSION = YES;
				CLANG_WARN_CONSTANT_CONVERSION = YES;
				CLANG_WARN_DIRECT_OBJC_ISA_USAGE = YES_ERROR;
				CLANG_WARN_EMPTY_BODY = YES;
				CLANG_WARN_ENUM_CONVERSION = YES;
				CLANG_WARN_INT_CONVERSION = YES;
				CLANG_WARN_OBJC_ROOT_CLASS = YES_ERROR;
				CLANG_WARN_UNREACHABLE_CODE = YES;
				CLANG_WARN__DUPLICATE_METHOD_MATCH = YES;
				"CODE_SIGN_IDENTITY[sdk=iphoneos*]" = "iPhone Developer";
				COPY_PHASE_STRIP = NO;
				DEBUG_INFORMATION_FORMAT = dwarf;
				ENABLE_STRICT_OBJC_MSGSEND = YES;
				ENABLE_TESTABILITY = YES;
				GCC_C_LANGUAGE_STANDARD = gnu99;
				GCC_DYNAMIC_NO_PIC = NO;
				GCC_NO_COMMON_BLOCKS = YES;
				GCC_OPTIMIZATION_LEVEL = 0;
				GCC_PREPROCESSOR_DEFINITIONS = (
					"DEBUG=1",
					"$(inherited)",
				);
				GCC_WARN_64_TO_32_BIT_CONVERSION = YES;
				GCC_WARN_ABOUT_RETURN_TYPE = YES_ERROR;
				GCC_WARN_UNDECLARED_SELECTOR = YES;
				GCC_WARN_UNINITIALIZED_AUTOS = YES_AGGRESSIVE;
				GCC_WARN_UNUSED_FUNCTION = YES;
				GCC_WARN_UNUSED_VARIABLE = YES;
				IPHONEOS_DEPLOYMENT_TARGET = 9.3;
				MTL_ENABLE_DEBUG_INFO = YES;
				ONLY_ACTIVE_ARCH = YES;
				SDKROOT = iphoneos;
			};
			name = Debug;
		};
		921C4C131D5854AE00A1CC0C /* Release */ = {
			isa = XCBuildConfiguration;
			buildSettings = {
				ALWAYS_SEARCH_USER_PATHS = NO;
				CLANG_ANALYZER_NONNULL = YES;
				CLANG_CXX_LANGUAGE_STANDARD = "gnu++0x";
				CLANG_CXX_LIBRARY = "libc++";
				CLANG_ENABLE_MODULES = YES;
				CLANG_ENABLE_OBJC_ARC = YES;
				CLANG_WARN_BOOL_CONVERSION = YES;
				CLANG_WARN_CONSTANT_CONVERSION = YES;
				CLANG_WARN_DIRECT_OBJC_ISA_USAGE = YES_ERROR;
				CLANG_WARN_EMPTY_BODY = YES;
				CLANG_WARN_ENUM_CONVERSION = YES;
				CLANG_WARN_INT_CONVERSION = YES;
				CLANG_WARN_OBJC_ROOT_CLASS = YES_ERROR;
				CLANG_WARN_UNREACHABLE_CODE = YES;
				CLANG_WARN__DUPLICATE_METHOD_MATCH = YES;
				"CODE_SIGN_IDENTITY[sdk=iphoneos*]" = "iPhone Developer";
				COPY_PHASE_STRIP = NO;
				DEBUG_INFORMATION_FORMAT = "dwarf-with-dsym";
				ENABLE_NS_ASSERTIONS = NO;
				ENABLE_STRICT_OBJC_MSGSEND = YES;
				GCC_C_LANGUAGE_STANDARD = gnu99;
				GCC_NO_COMMON_BLOCKS = YES;
				GCC_WARN_64_TO_32_BIT_CONVERSION = YES;
				GCC_WARN_ABOUT_RETURN_TYPE = YES_ERROR;
				GCC_WARN_UNDECLARED_SELECTOR = YES;
				GCC_WARN_UNINITIALIZED_AUTOS = YES_AGGRESSIVE;
				GCC_WARN_UNUSED_FUNCTION = YES;
				GCC_WARN_UNUSED_VARIABLE = YES;
				IPHONEOS_DEPLOYMENT_TARGET = 9.3;
				MTL_ENABLE_DEBUG_INFO = NO;
				SDKROOT = iphoneos;
				VALIDATE_PRODUCT = YES;
			};
			name = Release;
		};
		921C4C151D5854AE00A1CC0C /* Debug */ = {
			isa = XCBuildConfiguration;
			buildSettings = {
				ASSETCATALOG_COMPILER_APPICON_NAME = AppIcon;
				INFOPLIST_FILE = sourceTree/Info.plist;
				LD_RUNPATH_SEARCH_PATHS = "$(inherited) @executable_path/Frameworks";
				PRODUCT_BUNDLE_IDENTIFIER = com.xbk.sourceTree;
				PRODUCT_NAME = "$(TARGET_NAME)";
			};
			name = Debug;
		};
		921C4C161D5854AE00A1CC0C /* Release */ = {
			isa = XCBuildConfiguration;
			buildSettings = {
				ASSETCATALOG_COMPILER_APPICON_NAME = AppIcon;
				INFOPLIST_FILE = sourceTree/Info.plist;
				LD_RUNPATH_SEARCH_PATHS = "$(inherited) @executable_path/Frameworks";
				PRODUCT_BUNDLE_IDENTIFIER = com.xbk.sourceTree;
				PRODUCT_NAME = "$(TARGET_NAME)";
			};
			name = Release;
		};
		921C4C181D5854AE00A1CC0C /* Debug */ = {
			isa = XCBuildConfiguration;
			buildSettings = {
				BUNDLE_LOADER = "$(TEST_HOST)";
				INFOPLIST_FILE = sourceTreeTests/Info.plist;
				LD_RUNPATH_SEARCH_PATHS = "$(inherited) @executable_path/Frameworks @loader_path/Frameworks";
				PRODUCT_BUNDLE_IDENTIFIER = com.xbk.sourceTreeTests;
				PRODUCT_NAME = "$(TARGET_NAME)";
				TEST_HOST = "$(BUILT_PRODUCTS_DIR)/sourceTree.app/sourceTree";
			};
			name = Debug;
		};
		921C4C191D5854AE00A1CC0C /* Release */ = {
			isa = XCBuildConfiguration;
			buildSettings = {
				BUNDLE_LOADER = "$(TEST_HOST)";
				INFOPLIST_FILE = sourceTreeTests/Info.plist;
				LD_RUNPATH_SEARCH_PATHS = "$(inherited) @executable_path/Frameworks @loader_path/Frameworks";
				PRODUCT_BUNDLE_IDENTIFIER = com.xbk.sourceTreeTests;
				PRODUCT_NAME = "$(TARGET_NAME)";
				TEST_HOST = "$(BUILT_PRODUCTS_DIR)/sourceTree.app/sourceTree";
			};
			name = Release;
		};
/* End XCBuildConfiguration section */

/* Begin XCConfigurationList section */
		921C4BED1D5854AE00A1CC0C /* Build configuration list for PBXProject "sourceTree" */ = {
			isa = XCConfigurationList;
			buildConfigurations = (
				921C4C121D5854AE00A1CC0C /* Debug */,
				921C4C131D5854AE00A1CC0C /* Release */,
			);
			defaultConfigurationIsVisible = 0;
			defaultConfigurationName = Release;
		};
		921C4C141D5854AE00A1CC0C /* Build configuration list for PBXNativeTarget "sourceTree" */ = {
			isa = XCConfigurationList;
			buildConfigurations = (
				921C4C151D5854AE00A1CC0C /* Debug */,
				921C4C161D5854AE00A1CC0C /* Release */,
			);
			defaultConfigurationIsVisible = 0;
			defaultConfigurationName = Release;
		};
		921C4C171D5854AE00A1CC0C /* Build configuration list for PBXNativeTarget "sourceTreeTests" */ = {
			isa = XCConfigurationList;
			buildConfigurations = (
				921C4C181D5854AE00A1CC0C /* Debug */,
				921C4C191D5854AE00A1CC0C /* Release */,
			);
			defaultConfigurationIsVisible = 0;
			defaultConfigurationName = Release;
		};
/* End XCConfigurationList section */
	};
	rootObject = 921C4BEA1D5854AE00A1CC0C /* Project object */;
}
